
Microsoft Visual Studio Solution File, Format Version 12.00
# Visual Studio Version 17
VisualStudioVersion = 17.5.33627.172
MinimumVisualStudioVersion = 10.0.40219.1
Project("{FAE04EC0-301F-11D3-BF4B-00C04F79EFBC}") = "bulky", "bulky\bulky.csproj", "{748B2A32-3730-4E63-8E18-29B01B5EBFDB}"
EndProject
Global
	GlobalSection(SolutionConfigurationPlatforms) = preSolution
		Debug|Any CPU = Debug|Any CPU
		Release|Any CPU = Release|Any CPU
	EndGlobalSection
	GlobalSection(ProjectConfigurationPlatforms) = postSolution
		{748B2A32-3730-4E63-8E18-29B01B5EBFDB}.Debug|Any CPU.ActiveCfg = Debug|Any CPU
		{748B2A32-3730-4E63-8E18-29B01B5EBFDB}.Debug|Any CPU.Build.0 = Debug|Any CPU
		{748B2A32-3730-4E63-8E18-29B01B5EBFDB}.Release|Any CPU.ActiveCfg = Release|Any CPU
		{748B2A32-3730-4E63-8E18-29B01B5EBFDB}.Release|Any CPU.Build.0 = Release|Any CPU
	EndGlobalSection
	GlobalSection(SolutionProperties) = preSolution
		HideSolutionNode = FALSE
	EndGlobalSection
	GlobalSection(ExtensibilityGlobals) = postSolution
		SolutionGuid = {DE123CFE-F782-49AB-837B-364AEC344C9E}
	EndGlobalSection
EndGlobal
